// !$*UTF8*$!
{
	archiveVersion = 1;
	classes = {
	};
	objectVersion = 46;
	objects = {

/* Begin PBXBuildFile section */
		DF81BAD0199A9B3300C3E40E /* Foundation.framework in Frameworks */ = {isa = PBXBuildFile; fileRef = DF81BACF199A9B3300C3E40E /* Foundation.framework */; };
		DF81BAD2199A9B3300C3E40E /* CoreGraphics.framework in Frameworks */ = {isa = PBXBuildFile; fileRef = DF81BAD1199A9B3300C3E40E /* CoreGraphics.framework */; };
		DF81BAD4199A9B3300C3E40E /* UIKit.framework in Frameworks */ = {isa = PBXBuildFile; fileRef = DF81BAD3199A9B3300C3E40E /* UIKit.framework */; };
		DF81BAD6199A9B3300C3E40E /* CoreData.framework in Frameworks */ = {isa = PBXBuildFile; fileRef = DF81BAD5199A9B3300C3E40E /* CoreData.framework */; };
		DF81BADC199A9B3300C3E40E /* InfoPlist.strings in Resources */ = {isa = PBXBuildFile; fileRef = DF81BADA199A9B3300C3E40E /* InfoPlist.strings */; };
		DF81BADE199A9B3300C3E40E /* main.m in Sources */ = {isa = PBXBuildFile; fileRef = DF81BADD199A9B3300C3E40E /* main.m */; };
		DF81BAE2199A9B3300C3E40E /* AppDelegate.m in Sources */ = {isa = PBXBuildFile; fileRef = DF81BAE1199A9B3300C3E40E /* AppDelegate.m */; };
		DF81BAE5199A9B3300C3E40E /* Main.storyboard in Resources */ = {isa = PBXBuildFile; fileRef = DF81BAE3199A9B3300C3E40E /* Main.storyboard */; };
		DF81BAE8199A9B3300C3E40E /* LostCharacterDatabase.xcdatamodeld in Sources */ = {isa = PBXBuildFile; fileRef = DF81BAE6199A9B3300C3E40E /* LostCharacterDatabase.xcdatamodeld */; };
		DF81BAEB199A9B3300C3E40E /* MasterViewController.m in Sources */ = {isa = PBXBuildFile; fileRef = DF81BAEA199A9B3300C3E40E /* MasterViewController.m */; };
		DF81BAEE199A9B3300C3E40E /* DetailViewController.m in Sources */ = {isa = PBXBuildFile; fileRef = DF81BAED199A9B3300C3E40E /* DetailViewController.m */; };
		DF81BAF0199A9B3300C3E40E /* Images.xcassets in Resources */ = {isa = PBXBuildFile; fileRef = DF81BAEF199A9B3300C3E40E /* Images.xcassets */; };
		DF81BAF7199A9B3300C3E40E /* XCTest.framework in Frameworks */ = {isa = PBXBuildFile; fileRef = DF81BAF6199A9B3300C3E40E /* XCTest.framework */; };
		DF81BAF8199A9B3300C3E40E /* Foundation.framework in Frameworks */ = {isa = PBXBuildFile; fileRef = DF81BACF199A9B3300C3E40E /* Foundation.framework */; };
		DF81BAF9199A9B3300C3E40E /* UIKit.framework in Frameworks */ = {isa = PBXBuildFile; fileRef = DF81BAD3199A9B3300C3E40E /* UIKit.framework */; };
		DF81BAFA199A9B3300C3E40E /* CoreData.framework in Frameworks */ = {isa = PBXBuildFile; fileRef = DF81BAD5199A9B3300C3E40E /* CoreData.framework */; };
		DF81BB02199A9B3300C3E40E /* InfoPlist.strings in Resources */ = {isa = PBXBuildFile; fileRef = DF81BB00199A9B3300C3E40E /* InfoPlist.strings */; };
		DF81BB04199A9B3300C3E40E /* LostCharacterDatabaseTests.m in Sources */ = {isa = PBXBuildFile; fileRef = DF81BB03199A9B3300C3E40E /* LostCharacterDatabaseTests.m */; };
		DF81BB0E199A9F9F00C3E40E /* lost.plist in Resources */ = {isa = PBXBuildFile; fileRef = DF81BB0D199A9F9F00C3E40E /* lost.plist */; };
		DF81BB14199AC48B00C3E40E /* AddNewViewController.m in Sources */ = {isa = PBXBuildFile; fileRef = DF81BB13199AC48B00C3E40E /* AddNewViewController.m */; };
		DF81BB17199AD98300C3E40E /* Lost.m in Sources */ = {isa = PBXBuildFile; fileRef = DF81BB16199AD98300C3E40E /* Lost.m */; };
		DF81BB1A199ADBD500C3E40E /* LostTableViewCell.m in Sources */ = {isa = PBXBuildFile; fileRef = DF81BB19199ADBD500C3E40E /* LostTableViewCell.m */; };
/* End PBXBuildFile section */

/* Begin PBXContainerItemProxy section */
		DF81BAFB199A9B3300C3E40E /* PBXContainerItemProxy */ = {
			isa = PBXContainerItemProxy;
			containerPortal = DF81BAC4199A9B3300C3E40E /* Project object */;
			proxyType = 1;
			remoteGlobalIDString = DF81BACB199A9B3300C3E40E;
			remoteInfo = LostCharacterDatabase;
		};
/* End PBXContainerItemProxy section */

/* Begin PBXFileReference section */
		DF81BACC199A9B3300C3E40E /* LostCharacterDatabase.app */ = {isa = PBXFileReference; explicitFileType = wrapper.application; includeInIndex = 0; path = LostCharacterDatabase.app; sourceTree = BUILT_PRODUCTS_DIR; };
		DF81BACF199A9B3300C3E40E /* Foundation.framework */ = {isa = PBXFileReference; lastKnownFileType = wrapper.framework; name = Foundation.framework; path = System/Library/Frameworks/Foundation.framework; sourceTree = SDKROOT; };
		DF81BAD1199A9B3300C3E40E /* CoreGraphics.framework */ = {isa = PBXFileReference; lastKnownFileType = wrapper.framework; name = CoreGraphics.framework; path = System/Library/Frameworks/CoreGraphics.framework; sourceTree = SDKROOT; };
		DF81BAD3199A9B3300C3E40E /* UIKit.framework */ = {isa = PBXFileReference; lastKnownFileType = wrapper.framework; name = UIKit.framework; path = System/Library/Frameworks/UIKit.framework; sourceTree = SDKROOT; };
		DF81BAD5199A9B3300C3E40E /* CoreData.framework */ = {isa = PBXFileReference; lastKnownFileType = wrapper.framework; name = CoreData.framework; path = System/Library/Frameworks/CoreData.framework; sourceTree = SDKROOT; };
		DF81BAD9199A9B3300C3E40E /* LostCharacterDatabase-Info.plist */ = {isa = PBXFileReference; lastKnownFileType = text.plist.xml; path = "LostCharacterDatabase-Info.plist"; sourceTree = "<group>"; };
		DF81BADB199A9B3300C3E40E /* en */ = {isa = PBXFileReference; lastKnownFileType = text.plist.strings; name = en; path = en.lproj/InfoPlist.strings; sourceTree = "<group>"; };
		DF81BADD199A9B3300C3E40E /* main.m */ = {isa = PBXFileReference; lastKnownFileType = sourcecode.c.objc; path = main.m; sourceTree = "<group>"; };
		DF81BADF199A9B3300C3E40E /* LostCharacterDatabase-Prefix.pch */ = {isa = PBXFileReference; lastKnownFileType = sourcecode.c.h; path = "LostCharacterDatabase-Prefix.pch"; sourceTree = "<group>"; };
		DF81BAE0199A9B3300C3E40E /* AppDelegate.h */ = {isa = PBXFileReference; lastKnownFileType = sourcecode.c.h; path = AppDelegate.h; sourceTree = "<group>"; };
		DF81BAE1199A9B3300C3E40E /* AppDelegate.m */ = {isa = PBXFileReference; lastKnownFileType = sourcecode.c.objc; path = AppDelegate.m; sourceTree = "<group>"; };
		DF81BAE4199A9B3300C3E40E /* Base */ = {isa = PBXFileReference; lastKnownFileType = file.storyboard; name = Base; path = Base.lproj/Main.storyboard; sourceTree = "<group>"; };
		DF81BAE7199A9B3300C3E40E /* LostCharacterDatabase.xcdatamodel */ = {isa = PBXFileReference; lastKnownFileType = wrapper.xcdatamodel; path = LostCharacterDatabase.xcdatamodel; sourceTree = "<group>"; };
		DF81BAE9199A9B3300C3E40E /* MasterViewController.h */ = {isa = PBXFileReference; lastKnownFileType = sourcecode.c.h; path = MasterViewController.h; sourceTree = "<group>"; };
		DF81BAEA199A9B3300C3E40E /* MasterViewController.m */ = {isa = PBXFileReference; lastKnownFileType = sourcecode.c.objc; path = MasterViewController.m; sourceTree = "<group>"; };
		DF81BAEC199A9B3300C3E40E /* DetailViewController.h */ = {isa = PBXFileReference; lastKnownFileType = sourcecode.c.h; path = DetailViewController.h; sourceTree = "<group>"; };
		DF81BAED199A9B3300C3E40E /* DetailViewController.m */ = {isa = PBXFileReference; lastKnownFileType = sourcecode.c.objc; path = DetailViewController.m; sourceTree = "<group>"; };
		DF81BAEF199A9B3300C3E40E /* Images.xcassets */ = {isa = PBXFileReference; lastKnownFileType = folder.assetcatalog; path = Images.xcassets; sourceTree = "<group>"; };
		DF81BAF5199A9B3300C3E40E /* LostCharacterDatabaseTests.xctest */ = {isa = PBXFileReference; explicitFileType = wrapper.cfbundle; includeInIndex = 0; path = LostCharacterDatabaseTests.xctest; sourceTree = BUILT_PRODUCTS_DIR; };
		DF81BAF6199A9B3300C3E40E /* XCTest.framework */ = {isa = PBXFileReference; lastKnownFileType = wrapper.framework; name = XCTest.framework; path = Library/Frameworks/XCTest.framework; sourceTree = DEVELOPER_DIR; };
		DF81BAFF199A9B3300C3E40E /* LostCharacterDatabaseTests-Info.plist */ = {isa = PBXFileReference; lastKnownFileType = text.plist.xml; path = "LostCharacterDatabaseTests-Info.plist"; sourceTree = "<group>"; };
		DF81BB01199A9B3300C3E40E /* en */ = {isa = PBXFileReference; lastKnownFileType = text.plist.strings; name = en; path = en.lproj/InfoPlist.strings; sourceTree = "<group>"; };
		DF81BB03199A9B3300C3E40E /* LostCharacterDatabaseTests.m */ = {isa = PBXFileReference; lastKnownFileType = sourcecode.c.objc; path = LostCharacterDatabaseTests.m; sourceTree = "<group>"; };
		DF81BB0D199A9F9F00C3E40E /* lost.plist */ = {isa = PBXFileReference; fileEncoding = 4; lastKnownFileType = text.plist.xml; path = lost.plist; sourceTree = "<group>"; };
		DF81BB12199AC48B00C3E40E /* AddNewViewController.h */ = {isa = PBXFileReference; fileEncoding = 4; lastKnownFileType = sourcecode.c.h; path = AddNewViewController.h; sourceTree = "<group>"; };
		DF81BB13199AC48B00C3E40E /* AddNewViewController.m */ = {isa = PBXFileReference; fileEncoding = 4; lastKnownFileType = sourcecode.c.objc; path = AddNewViewController.m; sourceTree = "<group>"; };
		DF81BB15199AD98300C3E40E /* Lost.h */ = {isa = PBXFileReference; fileEncoding = 4; lastKnownFileType = sourcecode.c.h; path = Lost.h; sourceTree = "<group>"; };
		DF81BB16199AD98300C3E40E /* Lost.m */ = {isa = PBXFileReference; fileEncoding = 4; lastKnownFileType = sourcecode.c.objc; path = Lost.m; sourceTree = "<group>"; };
		DF81BB18199ADBD500C3E40E /* LostTableViewCell.h */ = {isa = PBXFileReference; fileEncoding = 4; lastKnownFileType = sourcecode.c.h; path = LostTableViewCell.h; sourceTree = "<group>"; };
		DF81BB19199ADBD500C3E40E /* LostTableViewCell.m */ = {isa = PBXFileReference; fileEncoding = 4; lastKnownFileType = sourcecode.c.objc; path = LostTableViewCell.m; sourceTree = "<group>"; };
/* End PBXFileReference section */

/* Begin PBXFrameworksBuildPhase section */
		DF81BAC9199A9B3300C3E40E /* Frameworks */ = {
			isa = PBXFrameworksBuildPhase;
			buildActionMask = 2147483647;
			files = (
				DF81BAD2199A9B3300C3E40E /* CoreGraphics.framework in Frameworks */,
				DF81BAD6199A9B3300C3E40E /* CoreData.framework in Frameworks */,
				DF81BAD4199A9B3300C3E40E /* UIKit.framework in Frameworks */,
				DF81BAD0199A9B3300C3E40E /* Foundation.framework in Frameworks */,
			);
			runOnlyForDeploymentPostprocessing = 0;
		};
		DF81BAF2199A9B3300C3E40E /* Frameworks */ = {
			isa = PBXFrameworksBuildPhase;
			buildActionMask = 2147483647;
			files = (
				DF81BAF7199A9B3300C3E40E /* XCTest.framework in Frameworks */,
				DF81BAFA199A9B3300C3E40E /* CoreData.framework in Frameworks */,
				DF81BAF9199A9B3300C3E40E /* UIKit.framework in Frameworks */,
				DF81BAF8199A9B3300C3E40E /* Foundation.framework in Frameworks */,
			);
			runOnlyForDeploymentPostprocessing = 0;
		};
/* End PBXFrameworksBuildPhase section */

/* Begin PBXGroup section */
		DF81BAC3199A9B3300C3E40E = {
			isa = PBXGroup;
			children = (
				DF81BAD7199A9B3300C3E40E /* LostCharacterDatabase */,
				DF81BAFD199A9B3300C3E40E /* LostCharacterDatabaseTests */,
				DF81BACE199A9B3300C3E40E /* Frameworks */,
				DF81BACD199A9B3300C3E40E /* Products */,
			);
			sourceTree = "<group>";
		};
		DF81BACD199A9B3300C3E40E /* Products */ = {
			isa = PBXGroup;
			children = (
				DF81BACC199A9B3300C3E40E /* LostCharacterDatabase.app */,
				DF81BAF5199A9B3300C3E40E /* LostCharacterDatabaseTests.xctest */,
			);
			name = Products;
			sourceTree = "<group>";
		};
		DF81BACE199A9B3300C3E40E /* Frameworks */ = {
			isa = PBXGroup;
			children = (
				DF81BACF199A9B3300C3E40E /* Foundation.framework */,
				DF81BAD1199A9B3300C3E40E /* CoreGraphics.framework */,
				DF81BAD3199A9B3300C3E40E /* UIKit.framework */,
				DF81BAD5199A9B3300C3E40E /* CoreData.framework */,
				DF81BAF6199A9B3300C3E40E /* XCTest.framework */,
			);
			name = Frameworks;
			sourceTree = "<group>";
		};
		DF81BAD7199A9B3300C3E40E /* LostCharacterDatabase */ = {
			isa = PBXGroup;
			children = (
				DF81BAE0199A9B3300C3E40E /* AppDelegate.h */,
				DF81BAE1199A9B3300C3E40E /* AppDelegate.m */,
				DF81BAE3199A9B3300C3E40E /* Main.storyboard */,
				DF81BB18199ADBD500C3E40E /* LostTableViewCell.h */,
				DF81BB19199ADBD500C3E40E /* LostTableViewCell.m */,
				DF81BB12199AC48B00C3E40E /* AddNewViewController.h */,
				DF81BB13199AC48B00C3E40E /* AddNewViewController.m */,
				DF81BAE9199A9B3300C3E40E /* MasterViewController.h */,
				DF81BAEA199A9B3300C3E40E /* MasterViewController.m */,
				DF81BAEC199A9B3300C3E40E /* DetailViewController.h */,
				DF81BAED199A9B3300C3E40E /* DetailViewController.m */,
				DF81BAEF199A9B3300C3E40E /* Images.xcassets */,
				DF81BAE6199A9B3300C3E40E /* LostCharacterDatabase.xcdatamodeld */,
				DF81BB15199AD98300C3E40E /* Lost.h */,
				DF81BB16199AD98300C3E40E /* Lost.m */,
				DF81BAD8199A9B3300C3E40E /* Supporting Files */,
			);
			path = LostCharacterDatabase;
			sourceTree = "<group>";
		};
		DF81BAD8199A9B3300C3E40E /* Supporting Files */ = {
			isa = PBXGroup;
			children = (
				DF81BB0D199A9F9F00C3E40E /* lost.plist */,
				DF81BAD9199A9B3300C3E40E /* LostCharacterDatabase-Info.plist */,
				DF81BADA199A9B3300C3E40E /* InfoPlist.strings */,
				DF81BADD199A9B3300C3E40E /* main.m */,
				DF81BADF199A9B3300C3E40E /* LostCharacterDatabase-Prefix.pch */,
			);
			name = "Supporting Files";
			sourceTree = "<group>";
		};
		DF81BAFD199A9B3300C3E40E /* LostCharacterDatabaseTests */ = {
			isa = PBXGroup;
			children = (
				DF81BB03199A9B3300C3E40E /* LostCharacterDatabaseTests.m */,
				DF81BAFE199A9B3300C3E40E /* Supporting Files */,
			);
			path = LostCharacterDatabaseTests;
			sourceTree = "<group>";
		};
		DF81BAFE199A9B3300C3E40E /* Supporting Files */ = {
			isa = PBXGroup;
			children = (
				DF81BAFF199A9B3300C3E40E /* LostCharacterDatabaseTests-Info.plist */,
				DF81BB00199A9B3300C3E40E /* InfoPlist.strings */,
			);
			name = "Supporting Files";
			sourceTree = "<group>";
		};
/* End PBXGroup section */

/* Begin PBXNativeTarget section */
		DF81BACB199A9B3300C3E40E /* LostCharacterDatabase */ = {
			isa = PBXNativeTarget;
			buildConfigurationList = DF81BB07199A9B3400C3E40E /* Build configuration list for PBXNativeTarget "LostCharacterDatabase" */;
			buildPhases = (
				DF81BAC8199A9B3300C3E40E /* Sources */,
				DF81BAC9199A9B3300C3E40E /* Frameworks */,
				DF81BACA199A9B3300C3E40E /* Resources */,
			);
			buildRules = (
			);
			dependencies = (
			);
			name = LostCharacterDatabase;
			productName = LostCharacterDatabase;
			productReference = DF81BACC199A9B3300C3E40E /* LostCharacterDatabase.app */;
			productType = "com.apple.product-type.application";
		};
		DF81BAF4199A9B3300C3E40E /* LostCharacterDatabaseTests */ = {
			isa = PBXNativeTarget;
			buildConfigurationList = DF81BB0A199A9B3400C3E40E /* Build configuration list for PBXNativeTarget "LostCharacterDatabaseTests" */;
			buildPhases = (
				DF81BAF1199A9B3300C3E40E /* Sources */,
				DF81BAF2199A9B3300C3E40E /* Frameworks */,
				DF81BAF3199A9B3300C3E40E /* Resources */,
			);
			buildRules = (
			);
			dependencies = (
				DF81BAFC199A9B3300C3E40E /* PBXTargetDependency */,
			);
			name = LostCharacterDatabaseTests;
			productName = LostCharacterDatabaseTests;
			productReference = DF81BAF5199A9B3300C3E40E /* LostCharacterDatabaseTests.xctest */;
			productType = "com.apple.product-type.bundle.unit-test";
		};
/* End PBXNativeTarget section */

/* Begin PBXProject section */
		DF81BAC4199A9B3300C3E40E /* Project object */ = {
			isa = PBXProject;
			attributes = {
				LastUpgradeCheck = 0510;
				ORGANIZATIONNAME = cmeats;
				TargetAttributes = {
					DF81BAF4199A9B3300C3E40E = {
						TestTargetID = DF81BACB199A9B3300C3E40E;
					};
				};
			};
			buildConfigurationList = DF81BAC7199A9B3300C3E40E /* Build configuration list for PBXProject "LostCharacterDatabase" */;
			compatibilityVersion = "Xcode 3.2";
			developmentRegion = English;
			hasScannedForEncodings = 0;
			knownRegions = (
				en,
				Base,
			);
			mainGroup = DF81BAC3199A9B3300C3E40E;
			productRefGroup = DF81BACD199A9B3300C3E40E /* Products */;
			projectDirPath = "";
			projectRoot = "";
			targets = (
				DF81BACB199A9B3300C3E40E /* LostCharacterDatabase */,
				DF81BAF4199A9B3300C3E40E /* LostCharacterDatabaseTests */,
			);
		};
/* End PBXProject section */

/* Begin PBXResourcesBuildPhase section */
		DF81BACA199A9B3300C3E40E /* Resources */ = {
			isa = PBXResourcesBuildPhase;
			buildActionMask = 2147483647;
			files = (
				DF81BAF0199A9B3300C3E40E /* Images.xcassets in Resources */,
				DF81BADC199A9B3300C3E40E /* InfoPlist.strings in Resources */,
				DF81BB0E199A9F9F00C3E40E /* lost.plist in Resources */,
				DF81BAE5199A9B3300C3E40E /* Main.storyboard in Resources */,
			);
			runOnlyForDeploymentPostprocessing = 0;
		};
		DF81BAF3199A9B3300C3E40E /* Resources */ = {
			isa = PBXResourcesBuildPhase;
			buildActionMask = 2147483647;
			files = (
				DF81BB02199A9B3300C3E40E /* InfoPlist.strings in Resources */,
			);
			runOnlyForDeploymentPostprocessing = 0;
		};
/* End PBXResourcesBuildPhase section */

/* Begin PBXSourcesBuildPhase section */
		DF81BAC8199A9B3300C3E40E /* Sources */ = {
			isa = PBXSourcesBuildPhase;
			buildActionMask = 2147483647;
			files = (
				DF81BAEE199A9B3300C3E40E /* DetailViewController.m in Sources */,
				DF81BAEB199A9B3300C3E40E /* MasterViewController.m in Sources */,
				DF81BAE2199A9B3300C3E40E /* AppDelegate.m in Sources */,
				DF81BB1A199ADBD500C3E40E /* LostTableViewCell.m in Sources */,
				DF81BB17199AD98300C3E40E /* Lost.m in Sources */,
				DF81BB14199AC48B00C3E40E /* AddNewViewController.m in Sources */,
				DF81BAE8199A9B3300C3E40E /* LostCharacterDatabase.xcdatamodeld in Sources */,
				DF81BADE199A9B3300C3E40E /* main.m in Sources */,
			);
			runOnlyForDeploymentPostprocessing = 0;
		};
		DF81BAF1199A9B3300C3E40E /* Sources */ = {
			isa = PBXSourcesBuildPhase;
			buildActionMask = 2147483647;
			files = (
				DF81BB04199A9B3300C3E40E /* LostCharacterDatabaseTests.m in Sources */,
			);
			runOnlyForDeploymentPostprocessing = 0;
		};
/* End PBXSourcesBuildPhase section */

/* Begin PBXTargetDependency section */
		DF81BAFC199A9B3300C3E40E /* PBXTargetDependency */ = {
			isa = PBXTargetDependency;
			target = DF81BACB199A9B3300C3E40E /* LostCharacterDatabase */;
			targetProxy = DF81BAFB199A9B3300C3E40E /* PBXContainerItemProxy */;
		};
/* End PBXTargetDependency section */

/* Begin PBXVariantGroup section */
		DF81BADA199A9B3300C3E40E /* InfoPlist.strings */ = {
			isa = PBXVariantGroup;
			children = (
				DF81BADB199A9B3300C3E40E /* en */,
			);
			name = InfoPlist.strings;
			sourceTree = "<group>";
		};
		DF81BAE3199A9B3300C3E40E /* Main.storyboard */ = {
			isa = PBXVariantGroup;
			children = (
				DF81BAE4199A9B3300C3E40E /* Base */,
			);
			name = Main.storyboard;
			sourceTree = "<group>";
		};
		DF81BB00199A9B3300C3E40E /* InfoPlist.strings */ = {
			isa = PBXVariantGroup;
			children = (
				DF81BB01199A9B3300C3E40E /* en */,
			);
			name = InfoPlist.strings;
			sourceTree = "<group>";
		};
/* End PBXVariantGroup section */

/* Begin XCBuildConfiguration section */
		DF81BB05199A9B3400C3E40E /* Debug */ = {
			isa = XCBuildConfiguration;
			buildSettings = {
				ALWAYS_SEARCH_USER_PATHS = NO;
				CLANG_CXX_LANGUAGE_STANDARD = "gnu++0x";
				CLANG_CXX_LIBRARY = "libc++";
				CLANG_ENABLE_MODULES = YES;
				CLANG_ENABLE_OBJC_ARC = YES;
				CLANG_WARN_BOOL_CONVERSION = YES;
				CLANG_WARN_CONSTANT_CONVERSION = YES;
				CLANG_WARN_DIRECT_OBJC_ISA_USAGE = YES_ERROR;
				CLANG_WARN_EMPTY_BODY = YES;
				CLANG_WARN_ENUM_CONVERSION = YES;
				CLANG_WARN_INT_CONVERSION = YES;
				CLANG_WARN_OBJC_ROOT_CLASS = YES_ERROR;
				CLANG_WARN__DUPLICATE_METHOD_MATCH = YES;
				"CODE_SIGN_IDENTITY[sdk=iphoneos*]" = "iPhone Developer";
				COPY_PHASE_STRIP = NO;
				GCC_C_LANGUAGE_STANDARD = gnu99;
				GCC_DYNAMIC_NO_PIC = NO;
				GCC_OPTIMIZATION_LEVEL = 0;
				GCC_PREPROCESSOR_DEFINITIONS = (
					"DEBUG=1",
					"$(inherited)",
				);
				GCC_SYMBOLS_PRIVATE_EXTERN = NO;
				GCC_WARN_64_TO_32_BIT_CONVERSION = YES;
				GCC_WARN_ABOUT_RETURN_TYPE = YES_ERROR;
				GCC_WARN_UNDECLARED_SELECTOR = YES;
				GCC_WARN_UNINITIALIZED_AUTOS = YES_AGGRESSIVE;
				GCC_WARN_UNUSED_FUNCTION = YES;
				GCC_WARN_UNUSED_VARIABLE = YES;
				IPHONEOS_DEPLOYMENT_TARGET = 7.1;
				ONLY_ACTIVE_ARCH = YES;
				SDKROOT = iphoneos;
			};
			name = Debug;
		};
		DF81BB06199A9B3400C3E40E /* Release */ = {
			isa = XCBuildConfiguration;
			buildSettings = {
				ALWAYS_SEARCH_USER_PATHS = NO;
				CLANG_CXX_LANGUAGE_STANDARD = "gnu++0x";
				CLANG_CXX_LIBRARY = "libc++";
				CLANG_ENABLE_MODULES = YES;
				CLANG_ENABLE_OBJC_ARC = YES;
				CLANG_WARN_BOOL_CONVERSION = YES;
				CLANG_WARN_CONSTANT_CONVERSION = YES;
				CLANG_WARN_DIRECT_OBJC_ISA_USAGE = YES_ERROR;
				CLANG_WARN_EMPTY_BODY = YES;
				CLANG_WARN_ENUM_CONVERSION = YES;
				CLANG_WARN_INT_CONVERSION = YES;
				CLANG_WARN_OBJC_ROOT_CLASS = YES_ERROR;
				CLANG_WARN__DUPLICATE_METHOD_MATCH = YES;
				"CODE_SIGN_IDENTITY[sdk=iphoneos*]" = "iPhone Developer";
				COPY_PHASE_STRIP = YES;
				ENABLE_NS_ASSERTIONS = NO;
				GCC_C_LANGUAGE_STANDARD = gnu99;
				GCC_WARN_64_TO_32_BIT_CONVERSION = YES;
				GCC_WARN_ABOUT_RETURN_TYPE = YES_ERROR;
				GCC_WARN_UNDECLARED_SELECTOR = YES;
				GCC_WARN_UNINITIALIZED_AUTOS = YES_AGGRESSIVE;
				GCC_WARN_UNUSED_FUNCTION = YES;
				GCC_WARN_UNUSED_VARIABLE = YES;
				IPHONEOS_DEPLOYMENT_TARGET = 7.1;
				SDKROOT = iphoneos;
				VALIDATE_PRODUCT = YES;
			};
			name = Release;
		};
		DF81BB08199A9B3400C3E40E /* Debug */ = {
			isa = XCBuildConfiguration;
			buildSettings = {
				ASSETCATALOG_COMPILER_APPICON_NAME = AppIcon;
				ASSETCATALOG_COMPILER_LAUNCHIMAGE_NAME = LaunchImage;
				GCC_PRECOMPILE_PREFIX_HEADER = YES;
				GCC_PREFIX_HEADER = "LostCharacterDatabase/LostCharacterDatabase-Prefix.pch";
				INFOPLIST_FILE = "LostCharacterDatabase/LostCharacterDatabase-Info.plist";
				PRODUCT_NAME = "$(TARGET_NAME)";
				WRAPPER_EXTENSION = app;
			};
			name = Debug;
		};
		DF81BB09199A9B3400C3E40E /* Release */ = {
			isa = XCBuildConfiguration;
			buildSettings = {
				ASSETCATALOG_COMPILER_APPICON_NAME = AppIcon;
				ASSETCATALOG_COMPILER_LAUNCHIMAGE_NAME = LaunchImage;
				GCC_PRECOMPILE_PREFIX_HEADER = YES;
				GCC_PREFIX_HEADER = "LostCharacterDatabase/LostCharacterDatabase-Prefix.pch";
				INFOPLIST_FILE = "LostCharacterDatabase/LostCharacterDatabase-Info.plist";
				PRODUCT_NAME = "$(TARGET_NAME)";
				WRAPPER_EXTENSION = app;
			};
			name = Release;
		};
		DF81BB0B199A9B3400C3E40E /* Debug */ = {
			isa = XCBuildConfiguration;
			buildSettings = {
				BUNDLE_LOADER = "$(BUILT_PRODUCTS_DIR)/LostCharacterDatabase.app/LostCharacterDatabase";
				FRAMEWORK_SEARCH_PATHS = (
					"$(SDKROOT)/Developer/Library/Frameworks",
					"$(inherited)",
					"$(DEVELOPER_FRAMEWORKS_DIR)",
				);
				GCC_PRECOMPILE_PREFIX_HEADER = YES;
				GCC_PREFIX_HEADER = "LostCharacterDatabase/LostCharacterDatabase-Prefix.pch";
				GCC_PREPROCESSOR_DEFINITIONS = (
					"DEBUG=1",
					"$(inherited)",
				);
				INFOPLIST_FILE = "LostCharacterDatabaseTests/LostCharacterDatabaseTests-Info.plist";
				PRODUCT_NAME = "$(TARGET_NAME)";
				TEST_HOST = "$(BUNDLE_LOADER)";
				WRAPPER_EXTENSION = xctest;
			};
			name = Debug;
		};
		DF81BB0C199A9B3400C3E40E /* Release */ = {
			isa = XCBuildConfiguration;
			buildSettings = {
				BUNDLE_LOADER = "$(BUILT_PRODUCTS_DIR)/LostCharacterDatabase.app/LostCharacterDatabase";
				FRAMEWORK_SEARCH_PATHS = (
					"$(SDKROOT)/Developer/Library/Frameworks",
					"$(inherited)",
					"$(DEVELOPER_FRAMEWORKS_DIR)",
				);
				GCC_PRECOMPILE_PREFIX_HEADER = YES;
				GCC_PREFIX_HEADER = "LostCharacterDatabase/LostCharacterDatabase-Prefix.pch";
				INFOPLIST_FILE = "LostCharacterDatabaseTests/LostCharacterDatabaseTests-Info.plist";
				PRODUCT_NAME = "$(TARGET_NAME)";
				TEST_HOST = "$(BUNDLE_LOADER)";
				WRAPPER_EXTENSION = xctest;
			};
			name = Release;
		};
/* End XCBuildConfiguration section */

/* Begin XCConfigurationList section */
		DF81BAC7199A9B3300C3E40E /* Build configuration list for PBXProject "LostCharacterDatabase" */ = {
			isa = XCConfigurationList;
			buildConfigurations = (
				DF81BB05199A9B3400C3E40E /* Debug */,
				DF81BB06199A9B3400C3E40E /* Release */,
			);
			defaultConfigurationIsVisible = 0;
			defaultConfigurationName = Release;
		};
		DF81BB07199A9B3400C3E40E /* Build configuration list for PBXNativeTarget "LostCharacterDatabase" */ = {
			isa = XCConfigurationList;
			buildConfigurations = (
				DF81BB08199A9B3400C3E40E /* Debug */,
				DF81BB09199A9B3400C3E40E /* Release */,
			);
			defaultConfigurationIsVisible = 0;
		};
		DF81BB0A199A9B3400C3E40E /* Build configuration list for PBXNativeTarget "LostCharacterDatabaseTests" */ = {
			isa = XCConfigurationList;
			buildConfigurations = (
				DF81BB0B199A9B3400C3E40E /* Debug */,
				DF81BB0C199A9B3400C3E40E /* Release */,
			);
			defaultConfigurationIsVisible = 0;
		};
/* End XCConfigurationList section */

/* Begin XCVersionGroup section */
		DF81BAE6199A9B3300C3E40E /* LostCharacterDatabase.xcdatamodeld */ = {
			isa = XCVersionGroup;
			children = (
				DF81BAE7199A9B3300C3E40E /* LostCharacterDatabase.xcdatamodel */,
			);
			currentVersion = DF81BAE7199A9B3300C3E40E /* LostCharacterDatabase.xcdatamodel */;
			path = LostCharacterDatabase.xcdatamodeld;
			sourceTree = "<group>";
			versionGroupType = wrapper.xcdatamodel;
		};
/* End XCVersionGroup section */
	};
	rootObject = DF81BAC4199A9B3300C3E40E /* Project object */;
}
